
Microsoft Visual Studio Solution File, Format Version 12.00
# Visual Studio Version 16
VisualStudioVersion = 16.0.31911.196
MinimumVisualStudioVersion = 10.0.40219.1
Project("{FAE04EC0-301F-11D3-BF4B-00C04F79EFBC}") = "TelegramLogParser", "TelegramLogParser\TelegramLogParser.csproj", "{29549104-1FB9-4F98-BF84-A3EBA3C1D52C}"
EndProject
Project("{FAE04EC0-301F-11D3-BF4B-00C04F79EFBC}") = "TelegramParser", "TelegramParser\TelegramParser.csproj", "{8D7DB693-AB53-4DBF-9ECC-D9DE276A66E2}"
EndProject
Global
	GlobalSection(SolutionConfigurationPlatforms) = preSolution
		Debug|Any CPU = Debug|Any CPU
		Release|Any CPU = Release|Any CPU
	EndGlobalSection
	GlobalSection(ProjectConfigurationPlatforms) = postSolution
		{29549104-1FB9-4F98-BF84-A3EBA3C1D52C}.Debug|Any CPU.ActiveCfg = Debug|Any CPU
		{29549104-1FB9-4F98-BF84-A3EBA3C1D52C}.Debug|Any CPU.Build.0 = Debug|Any CPU
		{29549104-1FB9-4F98-BF84-A3EBA3C1D52C}.Release|Any CPU.ActiveCfg = Release|Any CPU
		{29549104-1FB9-4F98-BF84-A3EBA3C1D52C}.Release|Any CPU.Build.0 = Release|Any CPU
		{8D7DB693-AB53-4DBF-9ECC-D9DE276A66E2}.Debug|Any CPU.ActiveCfg = Debug|Any CPU
		{8D7DB693-AB53-4DBF-9ECC-D9DE276A66E2}.Debug|Any CPU.Build.0 = Debug|Any CPU
		{8D7DB693-AB53-4DBF-9ECC-D9DE276A66E2}.Release|Any CPU.ActiveCfg = Release|Any CPU
		{8D7DB693-AB53-4DBF-9ECC-D9DE276A66E2}.Release|Any CPU.Build.0 = Release|Any CPU
	EndGlobalSection
	GlobalSection(SolutionProperties) = preSolution
		HideSolutionNode = FALSE
	EndGlobalSection
	GlobalSection(ExtensibilityGlobals) = postSolution
		SolutionGuid = {94F56937-D0C8-4057-80A3-628772757223}
	EndGlobalSection
EndGlobal
